
Microsoft Visual Studio Solution File, Format Version 12.00
# Visual Studio Version 17
VisualStudioVersion = 17.14.36811.4 d17.14
MinimumVisualStudioVersion = 10.0.40219.1
Project("{FAE04EC0-301F-11D3-BF4B-00C04F79EFBC}") = "MasonProtector", "MasonProtector\MasonProtector.csproj", "{1CFF31BC-191C-4A1F-B53A-30ED609A7ED0}"
EndProject
Global
	GlobalSection(SolutionConfigurationPlatforms) = preSolution
		Debug|Any CPU = Debug|Any CPU
		Release|Any CPU = Release|Any CPU
	EndGlobalSection
	GlobalSection(ProjectConfigurationPlatforms) = postSolution
		{1CFF31BC-191C-4A1F-B53A-30ED609A7ED0}.Debug|Any CPU.ActiveCfg = Debug|Any CPU
		{1CFF31BC-191C-4A1F-B53A-30ED609A7ED0}.Debug|Any CPU.Build.0 = Debug|Any CPU
		{1CFF31BC-191C-4A1F-B53A-30ED609A7ED0}.Release|Any CPU.ActiveCfg = Release|Any CPU
		{1CFF31BC-191C-4A1F-B53A-30ED609A7ED0}.Release|Any CPU.Build.0 = Release|Any CPU
	EndGlobalSection
	GlobalSection(SolutionProperties) = preSolution
		HideSolutionNode = FALSE
	EndGlobalSection
	GlobalSection(ExtensibilityGlobals) = postSolution
		SolutionGuid = {14EE67D3-63E1-4F62-BD4F-1FFD48D40D33}
	EndGlobalSection
EndGlobal
